{
  "name": "example2",
  "version": "1.0.0",
  "lockfileVersion": 3,
  "requires": true,
  "packages": {
    "": {
      "name": "example2",
      "version": "1.0.0",
      "workspaces": [
        "packages/*"
      ]
    },
    "node_modules/package1": {
      "resolved": "packages/package1",
      "link": true
    },
    "node_modules/package2": {
      "resolved": "packages/package2",
      "link": true
    },
    "packages/package1": {
      "version": "1.0.0"
    },
    "packages/package2": {
      "version": "1.0.0"
    }
  }
}
