{
  "name": "folder2",
  "version": "1.0.0",
  "lockfileVersion": 3,
  "requires": true,
  "packages": {
    "": {
      "name": "folder2",
      "version": "1.0.0",
      "license": "ISC",
      "dependencies": {
        "folder1": "file:../folder1"
      }
    },
    "../folder1": {
      "version": "1.0.0",
      "license": "ISC"
    },
    "node_modules/folder1": {
      "resolved": "../folder1",
      "link": true
    }
  }
}
